
Microsoft Visual Studio Solution File, Format Version 12.00
# Visual Studio 14
VisualStudioVersion = 14.0.25420.1
MinimumVisualStudioVersion = 10.0.40219.1
Project("{2150E333-8FDC-42A3-9474-1A3956D46DE8}") = "src", "src", "{7B3D9CA0-0557-4727-98BC-C3944C622CBE}"
EndProject
Project("{2150E333-8FDC-42A3-9474-1A3956D46DE8}") = "Solution Items", "Solution Items", "{5758C7B0-D7AB-4919-A330-21CCABFA5731}"
	ProjectSection(SolutionItems) = preProject
		global.json = global.json
	EndProjectSection
EndProject
Project("{8BB2217D-0F2D-49D1-97BC-3654ED321F3B}") = "MXNetSharp", "src\MXNetSharp\MXNetSharp.xproj", "{7303F2DA-DB4D-49F4-9CDF-A62464B07880}"
EndProject
Project("{8BB2217D-0F2D-49D1-97BC-3654ED321F3B}") = "MXNetSharp.Test", "src\MXNetSharp.Test\MXNetSharp.Test.xproj", "{D6F090CF-F7D2-4E59-AA5D-194CB768D65F}"
EndProject
Project("{2150E333-8FDC-42A3-9474-1A3956D46DE8}") = "examples", "examples", "{680BEEDD-FD5C-4521-A015-25608A8B523E}"
EndProject
Project("{8BB2217D-0F2D-49D1-97BC-3654ED321F3B}") = "Lenet", "examples\Lenet\Lenet.xproj", "{B55E523C-28C5-49BC-83D0-BD4F9A92BBE4}"
EndProject
Global
	GlobalSection(SolutionConfigurationPlatforms) = preSolution
		Debug|Any CPU = Debug|Any CPU
		Release|Any CPU = Release|Any CPU
	EndGlobalSection
	GlobalSection(ProjectConfigurationPlatforms) = postSolution
		{7303F2DA-DB4D-49F4-9CDF-A62464B07880}.Debug|Any CPU.ActiveCfg = Debug|Any CPU
		{7303F2DA-DB4D-49F4-9CDF-A62464B07880}.Debug|Any CPU.Build.0 = Debug|Any CPU
		{7303F2DA-DB4D-49F4-9CDF-A62464B07880}.Release|Any CPU.ActiveCfg = Release|Any CPU
		{7303F2DA-DB4D-49F4-9CDF-A62464B07880}.Release|Any CPU.Build.0 = Release|Any CPU
		{D6F090CF-F7D2-4E59-AA5D-194CB768D65F}.Debug|Any CPU.ActiveCfg = Debug|Any CPU
		{D6F090CF-F7D2-4E59-AA5D-194CB768D65F}.Debug|Any CPU.Build.0 = Debug|Any CPU
		{D6F090CF-F7D2-4E59-AA5D-194CB768D65F}.Release|Any CPU.ActiveCfg = Release|Any CPU
		{D6F090CF-F7D2-4E59-AA5D-194CB768D65F}.Release|Any CPU.Build.0 = Release|Any CPU
		{B55E523C-28C5-49BC-83D0-BD4F9A92BBE4}.Debug|Any CPU.ActiveCfg = Debug|Any CPU
		{B55E523C-28C5-49BC-83D0-BD4F9A92BBE4}.Debug|Any CPU.Build.0 = Debug|Any CPU
		{B55E523C-28C5-49BC-83D0-BD4F9A92BBE4}.Release|Any CPU.ActiveCfg = Release|Any CPU
		{B55E523C-28C5-49BC-83D0-BD4F9A92BBE4}.Release|Any CPU.Build.0 = Release|Any CPU
	EndGlobalSection
	GlobalSection(SolutionProperties) = preSolution
		HideSolutionNode = FALSE
	EndGlobalSection
	GlobalSection(NestedProjects) = preSolution
		{7303F2DA-DB4D-49F4-9CDF-A62464B07880} = {7B3D9CA0-0557-4727-98BC-C3944C622CBE}
		{D6F090CF-F7D2-4E59-AA5D-194CB768D65F} = {7B3D9CA0-0557-4727-98BC-C3944C622CBE}
		{B55E523C-28C5-49BC-83D0-BD4F9A92BBE4} = {680BEEDD-FD5C-4521-A015-25608A8B523E}
	EndGlobalSection
EndGlobal
